
Microsoft Visual Studio Solution File, Format Version 12.00
# Visual Studio Version 18
VisualStudioVersion = 17.0.31903.59
MinimumVisualStudioVersion = 10.0.40219.1
Project("{FAE04EC0-301F-11D3-BF4B-00C04F79EFBC}") = "SharedUI", "SharedUI\SharedUI.csproj", "{873373BD-DD47-4574-9C9C-56D389098DB9}"
EndProject
Project("{FAE04EC0-301F-11D3-BF4B-00C04F79EFBC}") = "WebApp", "WebApp\WebApp.csproj", "{D24D8561-1074-4ECF-B21C-A945E9D8A26D}"
EndProject
Project("{FAE04EC0-301F-11D3-BF4B-00C04F79EFBC}") = "HybridApp", "HybridApp\HybridApp.csproj", "{97AD9783-4E2A-4F1A-90BC-ADBDDC1F0965}"
EndProject
Project("{2150E333-8FDC-42A3-9474-1A3956D46DE8}") = "솔루션 항목", "솔루션 항목", "{2A3A057F-5D22-31FD-628C-DF5EF75AEF1E}"
	ProjectSection(SolutionItems) = preProject
		blazor_project_instruction.md = blazor_project_instruction.md
		.github\copilot-instructions.md = .github\copilot-instructions.md
		.github\workflows\deploy-webapp.yml = .github\workflows\deploy-webapp.yml
		DEPLOYMENT.md = DEPLOYMENT.md
		README.md = README.md
	EndProjectSection
EndProject
Global
	GlobalSection(SolutionConfigurationPlatforms) = preSolution
		Debug|Any CPU = Debug|Any CPU
		Debug|x64 = Debug|x64
		Debug|x86 = Debug|x86
		Release|Any CPU = Release|Any CPU
		Release|x64 = Release|x64
		Release|x86 = Release|x86
	EndGlobalSection
	GlobalSection(ProjectConfigurationPlatforms) = postSolution
		{873373BD-DD47-4574-9C9C-56D389098DB9}.Debug|Any CPU.ActiveCfg = Debug|Any CPU
		{873373BD-DD47-4574-9C9C-56D389098DB9}.Debug|Any CPU.Build.0 = Debug|Any CPU
		{873373BD-DD47-4574-9C9C-56D389098DB9}.Debug|x64.ActiveCfg = Debug|Any CPU
		{873373BD-DD47-4574-9C9C-56D389098DB9}.Debug|x64.Build.0 = Debug|Any CPU
		{873373BD-DD47-4574-9C9C-56D389098DB9}.Debug|x86.ActiveCfg = Debug|Any CPU
		{873373BD-DD47-4574-9C9C-56D389098DB9}.Debug|x86.Build.0 = Debug|Any CPU
		{873373BD-DD47-4574-9C9C-56D389098DB9}.Release|Any CPU.ActiveCfg = Release|Any CPU
		{873373BD-DD47-4574-9C9C-56D389098DB9}.Release|Any CPU.Build.0 = Release|Any CPU
		{873373BD-DD47-4574-9C9C-56D389098DB9}.Release|x64.ActiveCfg = Release|Any CPU
		{873373BD-DD47-4574-9C9C-56D389098DB9}.Release|x64.Build.0 = Release|Any CPU
		{873373BD-DD47-4574-9C9C-56D389098DB9}.Release|x86.ActiveCfg = Release|Any CPU
		{873373BD-DD47-4574-9C9C-56D389098DB9}.Release|x86.Build.0 = Release|Any CPU
		{D24D8561-1074-4ECF-B21C-A945E9D8A26D}.Debug|Any CPU.ActiveCfg = Debug|Any CPU
		{D24D8561-1074-4ECF-B21C-A945E9D8A26D}.Debug|Any CPU.Build.0 = Debug|Any CPU
		{D24D8561-1074-4ECF-B21C-A945E9D8A26D}.Debug|x64.ActiveCfg = Debug|Any CPU
		{D24D8561-1074-4ECF-B21C-A945E9D8A26D}.Debug|x64.Build.0 = Debug|Any CPU
		{D24D8561-1074-4ECF-B21C-A945E9D8A26D}.Debug|x86.ActiveCfg = Debug|Any CPU
		{D24D8561-1074-4ECF-B21C-A945E9D8A26D}.Debug|x86.Build.0 = Debug|Any CPU
		{D24D8561-1074-4ECF-B21C-A945E9D8A26D}.Release|Any CPU.ActiveCfg = Release|Any CPU
		{D24D8561-1074-4ECF-B21C-A945E9D8A26D}.Release|Any CPU.Build.0 = Release|Any CPU
		{D24D8561-1074-4ECF-B21C-A945E9D8A26D}.Release|x64.ActiveCfg = Release|Any CPU
		{D24D8561-1074-4ECF-B21C-A945E9D8A26D}.Release|x64.Build.0 = Release|Any CPU
		{D24D8561-1074-4ECF-B21C-A945E9D8A26D}.Release|x86.ActiveCfg = Release|Any CPU
		{D24D8561-1074-4ECF-B21C-A945E9D8A26D}.Release|x86.Build.0 = Release|Any CPU
		{97AD9783-4E2A-4F1A-90BC-ADBDDC1F0965}.Debug|Any CPU.ActiveCfg = Debug|Any CPU
		{97AD9783-4E2A-4F1A-90BC-ADBDDC1F0965}.Debug|Any CPU.Build.0 = Debug|Any CPU
		{97AD9783-4E2A-4F1A-90BC-ADBDDC1F0965}.Debug|x64.ActiveCfg = Debug|Any CPU
		{97AD9783-4E2A-4F1A-90BC-ADBDDC1F0965}.Debug|x64.Build.0 = Debug|Any CPU
		{97AD9783-4E2A-4F1A-90BC-ADBDDC1F0965}.Debug|x86.ActiveCfg = Debug|Any CPU
		{97AD9783-4E2A-4F1A-90BC-ADBDDC1F0965}.Debug|x86.Build.0 = Debug|Any CPU
		{97AD9783-4E2A-4F1A-90BC-ADBDDC1F0965}.Release|Any CPU.ActiveCfg = Release|Any CPU
		{97AD9783-4E2A-4F1A-90BC-ADBDDC1F0965}.Release|Any CPU.Build.0 = Release|Any CPU
		{97AD9783-4E2A-4F1A-90BC-ADBDDC1F0965}.Release|x64.ActiveCfg = Release|Any CPU
		{97AD9783-4E2A-4F1A-90BC-ADBDDC1F0965}.Release|x64.Build.0 = Release|Any CPU
		{97AD9783-4E2A-4F1A-90BC-ADBDDC1F0965}.Release|x86.ActiveCfg = Release|Any CPU
		{97AD9783-4E2A-4F1A-90BC-ADBDDC1F0965}.Release|x86.Build.0 = Release|Any CPU
	EndGlobalSection
	GlobalSection(SolutionProperties) = preSolution
		HideSolutionNode = FALSE
	EndGlobalSection
	GlobalSection(ExtensibilityGlobals) = postSolution
		SolutionGuid = {F4A7223A-8F06-45B7-AB13-8F4439AF2B73}
	EndGlobalSection
EndGlobal
